
Microsoft Visual Studio Solution File, Format Version 12.00
Project("{FAE04EC0-301F-11D3-BF4B-00C04F79EFBC}") = "Program", "Program\Program.csproj", "{F4466CB3-241E-4F07-853D-9FDA198A280D}"
EndProject
Global
	GlobalSection(SolutionConfigurationPlatforms) = preSolution
		Debug|Any CPU = Debug|Any CPU
		Release|Any CPU = Release|Any CPU
	EndGlobalSection
	GlobalSection(ProjectConfigurationPlatforms) = postSolution
		{F4466CB3-241E-4F07-853D-9FDA198A280D}.Debug|Any CPU.ActiveCfg = Debug|Any CPU
		{F4466CB3-241E-4F07-853D-9FDA198A280D}.Debug|Any CPU.Build.0 = Debug|Any CPU
		{F4466CB3-241E-4F07-853D-9FDA198A280D}.Release|Any CPU.ActiveCfg = Release|Any CPU
		{F4466CB3-241E-4F07-853D-9FDA198A280D}.Release|Any CPU.Build.0 = Release|Any CPU
	EndGlobalSection
EndGlobal
